// !$*UTF8*$!
{
	archiveVersion = 1;
	classes = {
	};
	objectVersion = 46;
	objects = {

/* Begin PBXBuildFile section */
		9237F5A81F224BC200C452ED /* 83.cpp in Sources */ = {isa = PBXBuildFile; fileRef = 9237F5A71F224BC200C452ED /* 83.cpp */; };
		92503DD21EEA3D6C0039C111 /* 145.cpp in Sources */ = {isa = PBXBuildFile; fileRef = 92503DD11EEA3D6C0039C111 /* 145.cpp */; };
		92503DDA1EEA7F660039C111 /* 103.cpp in Sources */ = {isa = PBXBuildFile; fileRef = 92503DD91EEA7F660039C111 /* 103.cpp */; };
		92503DDE1EEA88D00039C111 /* 105.cpp in Sources */ = {isa = PBXBuildFile; fileRef = 92503DDD1EEA88D00039C111 /* 105.cpp */; };
		92503DE01EEA88D90039C111 /* 106.cpp in Sources */ = {isa = PBXBuildFile; fileRef = 92503DDF1EEA88D90039C111 /* 106.cpp */; };
		9255AC761EF244FD00A5FF8B /* 18.cpp in Sources */ = {isa = PBXBuildFile; fileRef = 9255AC751EF244FD00A5FF8B /* 18.cpp */; };
		92889FA61EFBB8750007767E /* 120.cpp in Sources */ = {isa = PBXBuildFile; fileRef = 92889FA51EFBB8750007767E /* 120.cpp */; };
		92C6E6C71F20402F00C9C429 /* 188.cpp in Sources */ = {isa = PBXBuildFile; fileRef = 92C6E6C61F20402F00C9C429 /* 188.cpp */; };
		92EC2E651F1F6421000C740C /* 85.cpp in Sources */ = {isa = PBXBuildFile; fileRef = 92EC2E641F1F6421000C740C /* 85.cpp */; };
		92F948EB1EF033D6005148AC /* 27.cpp in Sources */ = {isa = PBXBuildFile; fileRef = 92F948EA1EF033D6005148AC /* 27.cpp */; };
/* End PBXBuildFile section */

/* Begin PBXCopyFilesBuildPhase section */
		923011B21EB9D56F002A99D3 /* CopyFiles */ = {
			isa = PBXCopyFilesBuildPhase;
			buildActionMask = 2147483647;
			dstPath = /usr/share/man/man1/;
			dstSubfolderSpec = 0;
			files = (
			);
			runOnlyForDeploymentPostprocessing = 1;
		};
/* End PBXCopyFilesBuildPhase section */

/* Begin PBXFileReference section */
		923011B41EB9D56F002A99D3 /* leetcode */ = {isa = PBXFileReference; explicitFileType = "compiled.mach-o.executable"; includeInIndex = 0; path = leetcode; sourceTree = BUILT_PRODUCTS_DIR; };
		9237F5A71F224BC200C452ED /* 83.cpp */ = {isa = PBXFileReference; fileEncoding = 4; lastKnownFileType = sourcecode.cpp.cpp; path = 83.cpp; sourceTree = "<group>"; };
		92503DD11EEA3D6C0039C111 /* 145.cpp */ = {isa = PBXFileReference; fileEncoding = 4; lastKnownFileType = sourcecode.cpp.cpp; path = 145.cpp; sourceTree = "<group>"; };
		92503DD91EEA7F660039C111 /* 103.cpp */ = {isa = PBXFileReference; fileEncoding = 4; lastKnownFileType = sourcecode.cpp.cpp; path = 103.cpp; sourceTree = "<group>"; };
		92503DDD1EEA88D00039C111 /* 105.cpp */ = {isa = PBXFileReference; fileEncoding = 4; lastKnownFileType = sourcecode.cpp.cpp; path = 105.cpp; sourceTree = "<group>"; };
		92503DDF1EEA88D90039C111 /* 106.cpp */ = {isa = PBXFileReference; fileEncoding = 4; lastKnownFileType = sourcecode.cpp.cpp; path = 106.cpp; sourceTree = "<group>"; };
		9255AC751EF244FD00A5FF8B /* 18.cpp */ = {isa = PBXFileReference; fileEncoding = 4; lastKnownFileType = sourcecode.cpp.cpp; path = 18.cpp; sourceTree = "<group>"; };
		92889FA51EFBB8750007767E /* 120.cpp */ = {isa = PBXFileReference; fileEncoding = 4; lastKnownFileType = sourcecode.cpp.cpp; path = 120.cpp; sourceTree = "<group>"; };
		92C6E6C61F20402F00C9C429 /* 188.cpp */ = {isa = PBXFileReference; fileEncoding = 4; lastKnownFileType = sourcecode.cpp.cpp; path = 188.cpp; sourceTree = "<group>"; };
		92EC2E641F1F6421000C740C /* 85.cpp */ = {isa = PBXFileReference; fileEncoding = 4; lastKnownFileType = sourcecode.cpp.cpp; path = 85.cpp; sourceTree = "<group>"; };
		92F948EA1EF033D6005148AC /* 27.cpp */ = {isa = PBXFileReference; fileEncoding = 4; lastKnownFileType = sourcecode.cpp.cpp; path = 27.cpp; sourceTree = "<group>"; };
/* End PBXFileReference section */

/* Begin PBXFrameworksBuildPhase section */
		923011B11EB9D56F002A99D3 /* Frameworks */ = {
			isa = PBXFrameworksBuildPhase;
			buildActionMask = 2147483647;
			files = (
			);
			runOnlyForDeploymentPostprocessing = 0;
		};
/* End PBXFrameworksBuildPhase section */

/* Begin PBXGroup section */
		923011AB1EB9D56F002A99D3 = {
			isa = PBXGroup;
			children = (
				923011B61EB9D56F002A99D3 /* leetcode */,
				923011B51EB9D56F002A99D3 /* Products */,
			);
			sourceTree = "<group>";
		};
		923011B51EB9D56F002A99D3 /* Products */ = {
			isa = PBXGroup;
			children = (
				923011B41EB9D56F002A99D3 /* leetcode */,
			);
			name = Products;
			sourceTree = "<group>";
		};
		923011B61EB9D56F002A99D3 /* leetcode */ = {
			isa = PBXGroup;
			children = (
				9255AC751EF244FD00A5FF8B /* 18.cpp */,
				92F948EA1EF033D6005148AC /* 27.cpp */,
				92503DD11EEA3D6C0039C111 /* 145.cpp */,
				92503DD91EEA7F660039C111 /* 103.cpp */,
				92503DDD1EEA88D00039C111 /* 105.cpp */,
				92503DDF1EEA88D90039C111 /* 106.cpp */,
				92889FA51EFBB8750007767E /* 120.cpp */,
				92EC2E641F1F6421000C740C /* 85.cpp */,
				92C6E6C61F20402F00C9C429 /* 188.cpp */,
				9237F5A71F224BC200C452ED /* 83.cpp */,
			);
			path = leetcode;
			sourceTree = "<group>";
		};
/* End PBXGroup section */

/* Begin PBXNativeTarget section */
		923011B31EB9D56F002A99D3 /* leetcode */ = {
			isa = PBXNativeTarget;
			buildConfigurationList = 923011BB1EB9D56F002A99D3 /* Build configuration list for PBXNativeTarget "leetcode" */;
			buildPhases = (
				923011B01EB9D56F002A99D3 /* Sources */,
				923011B11EB9D56F002A99D3 /* Frameworks */,
				923011B21EB9D56F002A99D3 /* CopyFiles */,
			);
			buildRules = (
			);
			dependencies = (
			);
			name = leetcode;
			productName = leetcode;
			productReference = 923011B41EB9D56F002A99D3 /* leetcode */;
			productType = "com.apple.product-type.tool";
		};
/* End PBXNativeTarget section */

/* Begin PBXProject section */
		923011AC1EB9D56F002A99D3 /* Project object */ = {
			isa = PBXProject;
			attributes = {
				LastUpgradeCheck = 0830;
				ORGANIZATIONNAME = "追寻梦之碎片";
				TargetAttributes = {
					923011B31EB9D56F002A99D3 = {
						CreatedOnToolsVersion = 8.3.1;
						DevelopmentTeam = CTNCB552CM;
						ProvisioningStyle = Automatic;
					};
				};
			};
			buildConfigurationList = 923011AF1EB9D56F002A99D3 /* Build configuration list for PBXProject "leetcode" */;
			compatibilityVersion = "Xcode 3.2";
			developmentRegion = English;
			hasScannedForEncodings = 0;
			knownRegions = (
				en,
			);
			mainGroup = 923011AB1EB9D56F002A99D3;
			productRefGroup = 923011B51EB9D56F002A99D3 /* Products */;
			projectDirPath = "";
			projectRoot = "";
			targets = (
				923011B31EB9D56F002A99D3 /* leetcode */,
			);
		};
/* End PBXProject section */

/* Begin PBXSourcesBuildPhase section */
		923011B01EB9D56F002A99D3 /* Sources */ = {
			isa = PBXSourcesBuildPhase;
			buildActionMask = 2147483647;
			files = (
				9237F5A81F224BC200C452ED /* 83.cpp in Sources */,
				92C6E6C71F20402F00C9C429 /* 188.cpp in Sources */,
				9255AC761EF244FD00A5FF8B /* 18.cpp in Sources */,
				92503DDA1EEA7F660039C111 /* 103.cpp in Sources */,
				92F948EB1EF033D6005148AC /* 27.cpp in Sources */,
				92889FA61EFBB8750007767E /* 120.cpp in Sources */,
				92EC2E651F1F6421000C740C /* 85.cpp in Sources */,
				92503DD21EEA3D6C0039C111 /* 145.cpp in Sources */,
				92503DDE1EEA88D00039C111 /* 105.cpp in Sources */,
				92503DE01EEA88D90039C111 /* 106.cpp in Sources */,
			);
			runOnlyForDeploymentPostprocessing = 0;
		};
/* End PBXSourcesBuildPhase section */

/* Begin XCBuildConfiguration section */
		923011B91EB9D56F002A99D3 /* Debug */ = {
			isa = XCBuildConfiguration;
			buildSettings = {
				ALWAYS_SEARCH_USER_PATHS = NO;
				CLANG_ANALYZER_NONNULL = YES;
				CLANG_ANALYZER_NUMBER_OBJECT_CONVERSION = YES_AGGRESSIVE;
				CLANG_CXX_LANGUAGE_STANDARD = "gnu++0x";
				CLANG_CXX_LIBRARY = "libc++";
				CLANG_ENABLE_MODULES = YES;
				CLANG_ENABLE_OBJC_ARC = YES;
				CLANG_WARN_BOOL_CONVERSION = YES;
				CLANG_WARN_CONSTANT_CONVERSION = YES;
				CLANG_WARN_DIRECT_OBJC_ISA_USAGE = YES_ERROR;
				CLANG_WARN_DOCUMENTATION_COMMENTS = YES;
				CLANG_WARN_EMPTY_BODY = YES;
				CLANG_WARN_ENUM_CONVERSION = YES;
				CLANG_WARN_INFINITE_RECURSION = YES;
				CLANG_WARN_INT_CONVERSION = YES;
				CLANG_WARN_OBJC_ROOT_CLASS = YES_ERROR;
				CLANG_WARN_SUSPICIOUS_MOVE = YES;
				CLANG_WARN_UNREACHABLE_CODE = YES;
				CLANG_WARN__DUPLICATE_METHOD_MATCH = YES;
				CODE_SIGN_IDENTITY = "-";
				COPY_PHASE_STRIP = NO;
				DEBUG_INFORMATION_FORMAT = dwarf;
				ENABLE_STRICT_OBJC_MSGSEND = YES;
				ENABLE_TESTABILITY = YES;
				GCC_C_LANGUAGE_STANDARD = gnu99;
				GCC_DYNAMIC_NO_PIC = NO;
				GCC_NO_COMMON_BLOCKS = YES;
				GCC_OPTIMIZATION_LEVEL = 0;
				GCC_PREPROCESSOR_DEFINITIONS = (
					"DEBUG=1",
					"$(inherited)",
				);
				GCC_WARN_64_TO_32_BIT_CONVERSION = YES;
				GCC_WARN_ABOUT_RETURN_TYPE = YES_ERROR;
				GCC_WARN_UNDECLARED_SELECTOR = YES;
				GCC_WARN_UNINITIALIZED_AUTOS = YES_AGGRESSIVE;
				GCC_WARN_UNUSED_FUNCTION = YES;
				GCC_WARN_UNUSED_VARIABLE = YES;
				MACOSX_DEPLOYMENT_TARGET = 10.12;
				MTL_ENABLE_DEBUG_INFO = YES;
				ONLY_ACTIVE_ARCH = YES;
				SDKROOT = macosx;
			};
			name = Debug;
		};
		923011BA1EB9D56F002A99D3 /* Release */ = {
			isa = XCBuildConfiguration;
			buildSettings = {
				ALWAYS_SEARCH_USER_PATHS = NO;
				CLANG_ANALYZER_NONNULL = YES;
				CLANG_ANALYZER_NUMBER_OBJECT_CONVERSION = YES_AGGRESSIVE;
				CLANG_CXX_LANGUAGE_STANDARD = "gnu++0x";
				CLANG_CXX_LIBRARY = "libc++";
				CLANG_ENABLE_MODULES = YES;
				CLANG_ENABLE_OBJC_ARC = YES;
				CLANG_WARN_BOOL_CONVERSION = YES;
				CLANG_WARN_CONSTANT_CONVERSION = YES;
				CLANG_WARN_DIRECT_OBJC_ISA_USAGE = YES_ERROR;
				CLANG_WARN_DOCUMENTATION_COMMENTS = YES;
				CLANG_WARN_EMPTY_BODY = YES;
				CLANG_WARN_ENUM_CONVERSION = YES;
				CLANG_WARN_INFINITE_RECURSION = YES;
				CLANG_WARN_INT_CONVERSION = YES;
				CLANG_WARN_OBJC_ROOT_CLASS = YES_ERROR;
				CLANG_WARN_SUSPICIOUS_MOVE = YES;
				CLANG_WARN_UNREACHABLE_CODE = YES;
				CLANG_WARN__DUPLICATE_METHOD_MATCH = YES;
				CODE_SIGN_IDENTITY = "-";
				COPY_PHASE_STRIP = NO;
				DEBUG_INFORMATION_FORMAT = "dwarf-with-dsym";
				ENABLE_NS_ASSERTIONS = NO;
				ENABLE_STRICT_OBJC_MSGSEND = YES;
				GCC_C_LANGUAGE_STANDARD = gnu99;
				GCC_NO_COMMON_BLOCKS = YES;
				GCC_WARN_64_TO_32_BIT_CONVERSION = YES;
				GCC_WARN_ABOUT_RETURN_TYPE = YES_ERROR;
				GCC_WARN_UNDECLARED_SELECTOR = YES;
				GCC_WARN_UNINITIALIZED_AUTOS = YES_AGGRESSIVE;
				GCC_WARN_UNUSED_FUNCTION = YES;
				GCC_WARN_UNUSED_VARIABLE = YES;
				MACOSX_DEPLOYMENT_TARGET = 10.12;
				MTL_ENABLE_DEBUG_INFO = NO;
				SDKROOT = macosx;
			};
			name = Release;
		};
		923011BC1EB9D56F002A99D3 /* Debug */ = {
			isa = XCBuildConfiguration;
			buildSettings = {
				DEVELOPMENT_TEAM = CTNCB552CM;
				PRODUCT_NAME = "$(TARGET_NAME)";
			};
			name = Debug;
		};
		923011BD1EB9D56F002A99D3 /* Release */ = {
			isa = XCBuildConfiguration;
			buildSettings = {
				DEVELOPMENT_TEAM = CTNCB552CM;
				PRODUCT_NAME = "$(TARGET_NAME)";
			};
			name = Release;
		};
/* End XCBuildConfiguration section */

/* Begin XCConfigurationList section */
		923011AF1EB9D56F002A99D3 /* Build configuration list for PBXProject "leetcode" */ = {
			isa = XCConfigurationList;
			buildConfigurations = (
				923011B91EB9D56F002A99D3 /* Debug */,
				923011BA1EB9D56F002A99D3 /* Release */,
			);
			defaultConfigurationIsVisible = 0;
			defaultConfigurationName = Release;
		};
		923011BB1EB9D56F002A99D3 /* Build configuration list for PBXNativeTarget "leetcode" */ = {
			isa = XCConfigurationList;
			buildConfigurations = (
				923011BC1EB9D56F002A99D3 /* Debug */,
				923011BD1EB9D56F002A99D3 /* Release */,
			);
			defaultConfigurationIsVisible = 0;
			defaultConfigurationName = Release;
		};
/* End XCConfigurationList section */
	};
	rootObject = 923011AC1EB9D56F002A99D3 /* Project object */;
}
